
Microsoft Visual Studio Solution File, Format Version 12.00
# Visual Studio Version 16
VisualStudioVersion = 16.0.31005.135
MinimumVisualStudioVersion = 10.0.40219.1
Project("{FAE04EC0-301F-11D3-BF4B-00C04F79EFBC}") = "CompositionAbstractionTutorial", "CompositionAbstractionTutorial\CompositionAbstractionTutorial.csproj", "{B754ACCB-EAFA-46E7-BB7A-8578AF41D55C}"
EndProject
Global
	GlobalSection(SolutionConfigurationPlatforms) = preSolution
		Debug|Any CPU = Debug|Any CPU
		Release|Any CPU = Release|Any CPU
	EndGlobalSection
	GlobalSection(ProjectConfigurationPlatforms) = postSolution
		{B754ACCB-EAFA-46E7-BB7A-8578AF41D55C}.Debug|Any CPU.ActiveCfg = Debug|Any CPU
		{B754ACCB-EAFA-46E7-BB7A-8578AF41D55C}.Debug|Any CPU.Build.0 = Debug|Any CPU
		{B754ACCB-EAFA-46E7-BB7A-8578AF41D55C}.Release|Any CPU.ActiveCfg = Release|Any CPU
		{B754ACCB-EAFA-46E7-BB7A-8578AF41D55C}.Release|Any CPU.Build.0 = Release|Any CPU
	EndGlobalSection
	GlobalSection(SolutionProperties) = preSolution
		HideSolutionNode = FALSE
	EndGlobalSection
	GlobalSection(ExtensibilityGlobals) = postSolution
		SolutionGuid = {4B30C7EE-20F2-4760-BAB2-026BB71926B0}
	EndGlobalSection
EndGlobal
